
Microsoft Visual Studio Solution File, Format Version 12.00
# Visual Studio 15
VisualStudioVersion = 15.0.27703.2035
MinimumVisualStudioVersion = 10.0.40219.1
Project("{FAE04EC0-301F-11D3-BF4B-00C04F79EFBC}") = "Software1Project_DakodaWilldenv1", "Software1Project_DakodaWilldenv1\Software1Project_DakodaWilldenv1.csproj", "{5865A22F-B0C2-498C-B356-1A922DD3DA94}"
EndProject
Global
	GlobalSection(SolutionConfigurationPlatforms) = preSolution
		Debug|Any CPU = Debug|Any CPU
		Release|Any CPU = Release|Any CPU
	EndGlobalSection
	GlobalSection(ProjectConfigurationPlatforms) = postSolution
		{5865A22F-B0C2-498C-B356-1A922DD3DA94}.Debug|Any CPU.ActiveCfg = Debug|Any CPU
		{5865A22F-B0C2-498C-B356-1A922DD3DA94}.Debug|Any CPU.Build.0 = Debug|Any CPU
		{5865A22F-B0C2-498C-B356-1A922DD3DA94}.Release|Any CPU.ActiveCfg = Release|Any CPU
		{5865A22F-B0C2-498C-B356-1A922DD3DA94}.Release|Any CPU.Build.0 = Release|Any CPU
	EndGlobalSection
	GlobalSection(SolutionProperties) = preSolution
		HideSolutionNode = FALSE
	EndGlobalSection
	GlobalSection(ExtensibilityGlobals) = postSolution
		SolutionGuid = {302DE064-C426-4AA0-A0BD-2C1A15EBCF01}
	EndGlobalSection
EndGlobal
